{
  "name": "frontend",
  "lockfileVersion": 3,
  "requires": true,
  "packages": {
    "": {
      "dependencies": {
        "timepicker.js": "^3.1.0"
      }
    },
    "node_modules/timepicker.js": {
      "version": "3.1.0",
      "resolved": "https://registry.npmjs.org/timepicker.js/-/timepicker.js-3.1.0.tgz",
      "integrity": "sha512-rR25pyCgg4nwVnlaslM3dtXg8A+70dcKPMPvCRgBpI2fQV3LmGtGzLaDTb1prZneQXdxrEw/lKEir+KNVRVbGQ=="
    }
  }
}
